
Microsoft Visual Studio Solution File, Format Version 12.00
# Visual Studio Version 16
VisualStudioVersion = 16.0.31911.196
MinimumVisualStudioVersion = 10.0.40219.1
Project("{FAE04EC0-301F-11D3-BF4B-00C04F79EFBC}") = "GitHub1", "GitHub1.csproj", "{9FD8E207-7FEC-458D-96F2-4069E05156F3}"
EndProject
Global
	GlobalSection(SolutionConfigurationPlatforms) = preSolution
		Debug|Any CPU = Debug|Any CPU
		Release|Any CPU = Release|Any CPU
	EndGlobalSection
	GlobalSection(ProjectConfigurationPlatforms) = postSolution
		{9FD8E207-7FEC-458D-96F2-4069E05156F3}.Debug|Any CPU.ActiveCfg = Debug|Any CPU
		{9FD8E207-7FEC-458D-96F2-4069E05156F3}.Debug|Any CPU.Build.0 = Debug|Any CPU
		{9FD8E207-7FEC-458D-96F2-4069E05156F3}.Release|Any CPU.ActiveCfg = Release|Any CPU
		{9FD8E207-7FEC-458D-96F2-4069E05156F3}.Release|Any CPU.Build.0 = Release|Any CPU
	EndGlobalSection
	GlobalSection(SolutionProperties) = preSolution
		HideSolutionNode = FALSE
	EndGlobalSection
	GlobalSection(ExtensibilityGlobals) = postSolution
		SolutionGuid = {3C51121C-76BF-43ED-8515-8506D12EA5C0}
	EndGlobalSection
EndGlobal
